
Microsoft Visual Studio Solution File, Format Version 11.00
# Visual Studio 2010
Project("{FAE04EC0-301F-11D3-BF4B-00C04F79EFBC}") = "SaveYourWorld", "Assembly-CSharp.csproj", "{3E2639A5-086C-4729-0185-E217C2727687}"
EndProject
Project("{FAE04EC0-301F-11D3-BF4B-00C04F79EFBC}") = "SaveYourWorld", "Assembly-CSharp-Editor.csproj", "{406EC136-6FA5-806E-2052-1CEF18EB8432}"
EndProject
Global
	GlobalSection(SolutionConfigurationPlatforms) = preSolution
		Debug|Any CPU = Debug|Any CPU
		Release|Any CPU = Release|Any CPU
	EndGlobalSection
	GlobalSection(ProjectConfigurationPlatforms) = postSolution
		{3E2639A5-086C-4729-0185-E217C2727687}.Debug|Any CPU.ActiveCfg = Debug|Any CPU
		{3E2639A5-086C-4729-0185-E217C2727687}.Debug|Any CPU.Build.0 = Debug|Any CPU
		{3E2639A5-086C-4729-0185-E217C2727687}.Release|Any CPU.ActiveCfg = Release|Any CPU
		{3E2639A5-086C-4729-0185-E217C2727687}.Release|Any CPU.Build.0 = Release|Any CPU
		{406EC136-6FA5-806E-2052-1CEF18EB8432}.Debug|Any CPU.ActiveCfg = Debug|Any CPU
		{406EC136-6FA5-806E-2052-1CEF18EB8432}.Debug|Any CPU.Build.0 = Debug|Any CPU
		{406EC136-6FA5-806E-2052-1CEF18EB8432}.Release|Any CPU.ActiveCfg = Release|Any CPU
		{406EC136-6FA5-806E-2052-1CEF18EB8432}.Release|Any CPU.Build.0 = Release|Any CPU
	EndGlobalSection
	GlobalSection(SolutionProperties) = preSolution
		HideSolutionNode = FALSE
	EndGlobalSection
	GlobalSection(MonoDevelopProperties) = preSolution
		StartupItem = Assembly-CSharp.csproj
	EndGlobalSection
EndGlobal
